
Microsoft Visual Studio Solution File, Format Version 12.00
Project("{FAE04EC0-301F-11D3-BF4B-00C04F79EFBC}") = "Cupidon", "Cupidon.csproj", "{53704D13-4C3A-4BD7-BFB1-A673A1B5169F}"
EndProject
Global
	GlobalSection(SolutionConfigurationPlatforms) = preSolution
		Debug|Any CPU = Debug|Any CPU
		Release|Any CPU = Release|Any CPU
	EndGlobalSection
	GlobalSection(ProjectConfigurationPlatforms) = postSolution
		{53704D13-4C3A-4BD7-BFB1-A673A1B5169F}.Debug|Any CPU.ActiveCfg = Debug|Any CPU
		{53704D13-4C3A-4BD7-BFB1-A673A1B5169F}.Debug|Any CPU.Build.0 = Debug|Any CPU
		{53704D13-4C3A-4BD7-BFB1-A673A1B5169F}.Release|Any CPU.ActiveCfg = Release|Any CPU
		{53704D13-4C3A-4BD7-BFB1-A673A1B5169F}.Release|Any CPU.Build.0 = Release|Any CPU
	EndGlobalSection
EndGlobal
